
Microsoft Visual Studio Solution File, Format Version 12.00
# Visual Studio Version 17
VisualStudioVersion = 17.1.32319.34
MinimumVisualStudioVersion = 10.0.40219.1
Project("{FAE04EC0-301F-11D3-BF4B-00C04F79EFBC}") = "DHX.Gantt.Web", "DHX.Gantt.Web\DHX.Gantt.Web.csproj", "{7CBF7646-F4A0-4A2F-B64F-ADBC5A8A6EAD}"
EndProject
Global
	GlobalSection(SolutionConfigurationPlatforms) = preSolution
		Debug|Any CPU = Debug|Any CPU
		Release|Any CPU = Release|Any CPU
	EndGlobalSection
	GlobalSection(ProjectConfigurationPlatforms) = postSolution
		{7CBF7646-F4A0-4A2F-B64F-ADBC5A8A6EAD}.Debug|Any CPU.ActiveCfg = Debug|Any CPU
		{7CBF7646-F4A0-4A2F-B64F-ADBC5A8A6EAD}.Debug|Any CPU.Build.0 = Debug|Any CPU
		{7CBF7646-F4A0-4A2F-B64F-ADBC5A8A6EAD}.Release|Any CPU.ActiveCfg = Release|Any CPU
		{7CBF7646-F4A0-4A2F-B64F-ADBC5A8A6EAD}.Release|Any CPU.Build.0 = Release|Any CPU
	EndGlobalSection
	GlobalSection(SolutionProperties) = preSolution
		HideSolutionNode = FALSE
	EndGlobalSection
	GlobalSection(ExtensibilityGlobals) = postSolution
		SolutionGuid = {64C98E55-8970-48CA-8917-E038B9174711}
	EndGlobalSection
EndGlobal
